# THIS IS AN AUTOGENERATED FILE. DO NOT EDIT THIS FILE DIRECTLY.
# yarn lockfile v1


"@hcaptcha/types@^1.0.3":
  version "1.0.3"
  resolved "https://registry.yarnpkg.com/@hcaptcha/types/-/types-1.0.3.tgz#baf10a4361a45ff1c64862dfb8dc9bbc8292a8fe"
  integrity sha512-1mbU6eSGawRrqeahRrOzZo/SVLI6oZ5/azuBpSyVrRRR96CnS3fOVDWfzxpngfxKD0/I9Rwu6c/3ITqD8rXeTQ==
